// !$*UTF8*$!
{
	archiveVersion = 1;
	classes = {
	};
	objectVersion = 56;
	objects = {

/* Begin PBXBuildFile section */
		BC5807052A56395400313289 /* MoleculesApp.swift in Sources */ = {isa = PBXBuildFile; fileRef = BC5807042A56395400313289 /* MoleculesApp.swift */; };
		BC5807072A56395400313289 /* MoleculeDisplayView.swift in Sources */ = {isa = PBXBuildFile; fileRef = BC5807062A56395400313289 /* MoleculeDisplayView.swift */; };
		BC5807092A56395900313289 /* Assets.xcassets in Resources */ = {isa = PBXBuildFile; fileRef = BC5807082A56395900313289 /* Assets.xcassets */; };
		BC58070C2A56395900313289 /* Preview Assets.xcassets in Resources */ = {isa = PBXBuildFile; fileRef = BC58070B2A56395900313289 /* Preview Assets.xcassets */; };
		BC5807162A56395900313289 /* PDBFileTests.swift in Sources */ = {isa = PBXBuildFile; fileRef = BC5807152A56395900313289 /* PDBFileTests.swift */; };
		BC5807202A56395900313289 /* MoleculesUITests.swift in Sources */ = {isa = PBXBuildFile; fileRef = BC58071F2A56395900313289 /* MoleculesUITests.swift */; };
		BC5807222A56395900313289 /* MoleculesUITestsLaunchTests.swift in Sources */ = {isa = PBXBuildFile; fileRef = BC5807212A56395900313289 /* MoleculesUITestsLaunchTests.swift */; };
		BC5F1F712A579BB000416000 /* Gzip in Frameworks */ = {isa = PBXBuildFile; productRef = BC5F1F702A579BB000416000 /* Gzip */; };
		BC5F1F742A579BEE00416000 /* PDBFile.swift in Sources */ = {isa = PBXBuildFile; fileRef = BC5F1F732A579BEE00416000 /* PDBFile.swift */; };
		BC5F1F772A58D40500416000 /* MolecularStructure.swift in Sources */ = {isa = PBXBuildFile; fileRef = BC5F1F762A58D40500416000 /* MolecularStructure.swift */; };
		BC5F1F7A2A58EB5500416000 /* Atom.swift in Sources */ = {isa = PBXBuildFile; fileRef = BC5F1F792A58EB5500416000 /* Atom.swift */; };
		BC5F1F7D2A58EB6300416000 /* Bond.swift in Sources */ = {isa = PBXBuildFile; fileRef = BC5F1F7C2A58EB6300416000 /* Bond.swift */; };
		BC5F1F802A58EC5F00416000 /* Coordinate.swift in Sources */ = {isa = PBXBuildFile; fileRef = BC5F1F7F2A58EC5F00416000 /* Coordinate.swift */; };
		BC5F1F8D2A59DAC000416000 /* TheoreticalBearing.pdb in Resources */ = {isa = PBXBuildFile; fileRef = BC5F1F822A59DABF00416000 /* TheoreticalBearing.pdb */; };
		BC5F1F8E2A59DAC000416000 /* TheoreticalBearing.pdb in Resources */ = {isa = PBXBuildFile; fileRef = BC5F1F822A59DABF00416000 /* TheoreticalBearing.pdb */; };
		BC5F1F952A59DAC000416000 /* Heme.sdf in Resources */ = {isa = PBXBuildFile; fileRef = BC5F1F862A59DAC000416000 /* Heme.sdf */; };
		BC5F1F962A59DAC000416000 /* Heme.sdf in Resources */ = {isa = PBXBuildFile; fileRef = BC5F1F862A59DAC000416000 /* Heme.sdf */; };
		BC5F1F9B2A59DAC000416000 /* Nanotube.pdb in Resources */ = {isa = PBXBuildFile; fileRef = BC5F1F892A59DAC000416000 /* Nanotube.pdb */; };
		BC5F1F9C2A59DAC000416000 /* Nanotube.pdb in Resources */ = {isa = PBXBuildFile; fileRef = BC5F1F892A59DAC000416000 /* Nanotube.pdb */; };
		BC5F1FA42A59E96E00416000 /* MoleculeDocument.swift in Sources */ = {isa = PBXBuildFile; fileRef = BC5F1FA32A59E96E00416000 /* MoleculeDocument.swift */; };
		BC5F1FB12A5A0D4300416000 /* DNA.pdb in Resources */ = {isa = PBXBuildFile; fileRef = BC5F1FA82A5A0D4300416000 /* DNA.pdb */; };
		BC5F1FB22A5A0D4300416000 /* DNA.pdb in Resources */ = {isa = PBXBuildFile; fileRef = BC5F1FA82A5A0D4300416000 /* DNA.pdb */; };
		BC5F1FB32A5A0D4300416000 /* Insulin.pdb in Resources */ = {isa = PBXBuildFile; fileRef = BC5F1FA92A5A0D4300416000 /* Insulin.pdb */; };
		BC5F1FB42A5A0D4300416000 /* Insulin.pdb in Resources */ = {isa = PBXBuildFile; fileRef = BC5F1FA92A5A0D4300416000 /* Insulin.pdb */; };
		BC5F1FB52A5A0D4300416000 /* Buckminsterfullerene.sdf in Resources */ = {isa = PBXBuildFile; fileRef = BC5F1FAA2A5A0D4300416000 /* Buckminsterfullerene.sdf */; };
		BC5F1FB62A5A0D4300416000 /* Buckminsterfullerene.sdf in Resources */ = {isa = PBXBuildFile; fileRef = BC5F1FAA2A5A0D4300416000 /* Buckminsterfullerene.sdf */; };
		BC5F1FB72A5A0D4300416000 /* Caffeine.pdb in Resources */ = {isa = PBXBuildFile; fileRef = BC5F1FAB2A5A0D4300416000 /* Caffeine.pdb */; };
		BC5F1FB82A5A0D4300416000 /* Caffeine.pdb in Resources */ = {isa = PBXBuildFile; fileRef = BC5F1FAB2A5A0D4300416000 /* Caffeine.pdb */; };
		BC5F1FB92A5A0D4300416000 /* TransferRNA.pdb in Resources */ = {isa = PBXBuildFile; fileRef = BC5F1FAC2A5A0D4300416000 /* TransferRNA.pdb */; };
		BC5F1FBA2A5A0D4300416000 /* TransferRNA.pdb in Resources */ = {isa = PBXBuildFile; fileRef = BC5F1FAC2A5A0D4300416000 /* TransferRNA.pdb */; };
		BC5F1FCC2A5A29D400416000 /* MetalRenderView.swift in Sources */ = {isa = PBXBuildFile; fileRef = BC5F1FCB2A5A29D400416000 /* MetalRenderView.swift */; };
		BC5F1FCF2A5A34FD00416000 /* MoleculeMetadataView.swift in Sources */ = {isa = PBXBuildFile; fileRef = BC5F1FCE2A5A34FD00416000 /* MoleculeMetadataView.swift */; };
		BC5F1FD22A5A4B5300416000 /* SDFFile.swift in Sources */ = {isa = PBXBuildFile; fileRef = BC5F1FD12A5A4B5300416000 /* SDFFile.swift */; };
		BC5F1FD52A5A4C5800416000 /* XYZFile.swift in Sources */ = {isa = PBXBuildFile; fileRef = BC5F1FD42A5A4C5800416000 /* XYZFile.swift */; };
		BC5F1FD82A5A4CAB00416000 /* SDFFileTests.swift in Sources */ = {isa = PBXBuildFile; fileRef = BC5F1FD72A5A4CAB00416000 /* SDFFileTests.swift */; };
		BC5F1FDA2A5A4EA900416000 /* XYZFileTests.swift in Sources */ = {isa = PBXBuildFile; fileRef = BC5F1FD92A5A4EA900416000 /* XYZFileTests.swift */; };
		BC5F1FDF2A5B097E00416000 /* Acetylcholinesterase.pdb.gz in Resources */ = {isa = PBXBuildFile; fileRef = BC5F1FDC2A5B097E00416000 /* Acetylcholinesterase.pdb.gz */; };
		BC5F1FE02A5B097E00416000 /* Acetylcholinesterase.pdb.gz in Resources */ = {isa = PBXBuildFile; fileRef = BC5F1FDC2A5B097E00416000 /* Acetylcholinesterase.pdb.gz */; };
		BC5F1FE12A5B097E00416000 /* 3QE5.pdb.gz in Resources */ = {isa = PBXBuildFile; fileRef = BC5F1FDD2A5B097E00416000 /* 3QE5.pdb.gz */; };
		BC5F1FE22A5B097E00416000 /* 3QE5.pdb.gz in Resources */ = {isa = PBXBuildFile; fileRef = BC5F1FDD2A5B097E00416000 /* 3QE5.pdb.gz */; };
		BC5F1FE32A5B097E00416000 /* TheoreticalXenonPump.pdb.gz in Resources */ = {isa = PBXBuildFile; fileRef = BC5F1FDE2A5B097E00416000 /* TheoreticalXenonPump.pdb.gz */; };
		BC5F1FE42A5B097E00416000 /* TheoreticalXenonPump.pdb.gz in Resources */ = {isa = PBXBuildFile; fileRef = BC5F1FDE2A5B097E00416000 /* TheoreticalXenonPump.pdb.gz */; };
		BC5F1FE92A5B099400416000 /* TransferRNA.pdb.gz in Resources */ = {isa = PBXBuildFile; fileRef = BC5F1FE52A5B099400416000 /* TransferRNA.pdb.gz */; };
		BC5F1FEA2A5B099400416000 /* SampleMolecule.xyz in Resources */ = {isa = PBXBuildFile; fileRef = BC5F1FE62A5B099400416000 /* SampleMolecule.xyz */; };
		BC5F1FEB2A5B099400416000 /* Caffeine.pdb.gz in Resources */ = {isa = PBXBuildFile; fileRef = BC5F1FE72A5B099400416000 /* Caffeine.pdb.gz */; };
		BC5F1FEC2A5B099400416000 /* DNA.pdb.gz in Resources */ = {isa = PBXBuildFile; fileRef = BC5F1FE82A5B099400416000 /* DNA.pdb.gz */; };
		BC5F1FEF2A5B51AF00416000 /* SphereRaytracing.metal in Sources */ = {isa = PBXBuildFile; fileRef = BC5F1FEE2A5B51AF00416000 /* SphereRaytracing.metal */; };
		BC5F1FF12A5B63B800416000 /* MetalRenderingDevice.swift in Sources */ = {isa = PBXBuildFile; fileRef = BC5F1FF02A5B63B800416000 /* MetalRenderingDevice.swift */; };
		BC5F1FF32A5CD81400416000 /* RenderingTests.swift in Sources */ = {isa = PBXBuildFile; fileRef = BC5F1FF22A5CD81400416000 /* RenderingTests.swift */; };
		BCF265E32A6377D300374DB0 /* AminoAcidResidue.swift in Sources */ = {isa = PBXBuildFile; fileRef = BCF265E22A6377D300374DB0 /* AminoAcidResidue.swift */; };
/* End PBXBuildFile section */

/* Begin PBXContainerItemProxy section */
		BC5807122A56395900313289 /* PBXContainerItemProxy */ = {
			isa = PBXContainerItemProxy;
			containerPortal = BC5806F92A56395400313289 /* Project object */;
			proxyType = 1;
			remoteGlobalIDString = BC5807002A56395400313289;
			remoteInfo = Molecules;
		};
		BC58071C2A56395900313289 /* PBXContainerItemProxy */ = {
			isa = PBXContainerItemProxy;
			containerPortal = BC5806F92A56395400313289 /* Project object */;
			proxyType = 1;
			remoteGlobalIDString = BC5807002A56395400313289;
			remoteInfo = Molecules;
		};
/* End PBXContainerItemProxy section */

/* Begin PBXFileReference section */
		BC5807012A56395400313289 /* Molecules.app */ = {isa = PBXFileReference; explicitFileType = wrapper.application; includeInIndex = 0; path = Molecules.app; sourceTree = BUILT_PRODUCTS_DIR; };
		BC5807042A56395400313289 /* MoleculesApp.swift */ = {isa = PBXFileReference; lastKnownFileType = sourcecode.swift; path = MoleculesApp.swift; sourceTree = "<group>"; };
		BC5807062A56395400313289 /* MoleculeDisplayView.swift */ = {isa = PBXFileReference; lastKnownFileType = sourcecode.swift; path = MoleculeDisplayView.swift; sourceTree = "<group>"; };
		BC5807082A56395900313289 /* Assets.xcassets */ = {isa = PBXFileReference; lastKnownFileType = folder.assetcatalog; path = Assets.xcassets; sourceTree = "<group>"; };
		BC58070B2A56395900313289 /* Preview Assets.xcassets */ = {isa = PBXFileReference; lastKnownFileType = folder.assetcatalog; path = "Preview Assets.xcassets"; sourceTree = "<group>"; };
		BC5807112A56395900313289 /* MoleculesTests.xctest */ = {isa = PBXFileReference; explicitFileType = wrapper.cfbundle; includeInIndex = 0; path = MoleculesTests.xctest; sourceTree = BUILT_PRODUCTS_DIR; };
		BC5807152A56395900313289 /* PDBFileTests.swift */ = {isa = PBXFileReference; lastKnownFileType = sourcecode.swift; path = PDBFileTests.swift; sourceTree = "<group>"; };
		BC58071B2A56395900313289 /* MoleculesUITests.xctest */ = {isa = PBXFileReference; explicitFileType = wrapper.cfbundle; includeInIndex = 0; path = MoleculesUITests.xctest; sourceTree = BUILT_PRODUCTS_DIR; };
		BC58071F2A56395900313289 /* MoleculesUITests.swift */ = {isa = PBXFileReference; lastKnownFileType = sourcecode.swift; path = MoleculesUITests.swift; sourceTree = "<group>"; };
		BC5807212A56395900313289 /* MoleculesUITestsLaunchTests.swift */ = {isa = PBXFileReference; lastKnownFileType = sourcecode.swift; path = MoleculesUITestsLaunchTests.swift; sourceTree = "<group>"; };
		BC5F1F6E2A578BA000416000 /* Info.plist */ = {isa = PBXFileReference; lastKnownFileType = text.plist; path = Info.plist; sourceTree = "<group>"; };
		BC5F1F732A579BEE00416000 /* PDBFile.swift */ = {isa = PBXFileReference; lastKnownFileType = sourcecode.swift; path = PDBFile.swift; sourceTree = "<group>"; };
		BC5F1F762A58D40500416000 /* MolecularStructure.swift */ = {isa = PBXFileReference; lastKnownFileType = sourcecode.swift; path = MolecularStructure.swift; sourceTree = "<group>"; };
		BC5F1F792A58EB5500416000 /* Atom.swift */ = {isa = PBXFileReference; lastKnownFileType = sourcecode.swift; path = Atom.swift; sourceTree = "<group>"; };
		BC5F1F7C2A58EB6300416000 /* Bond.swift */ = {isa = PBXFileReference; lastKnownFileType = sourcecode.swift; path = Bond.swift; sourceTree = "<group>"; };
		BC5F1F7F2A58EC5F00416000 /* Coordinate.swift */ = {isa = PBXFileReference; lastKnownFileType = sourcecode.swift; path = Coordinate.swift; sourceTree = "<group>"; };
		BC5F1F822A59DABF00416000 /* TheoreticalBearing.pdb */ = {isa = PBXFileReference; fileEncoding = 4; lastKnownFileType = text; name = TheoreticalBearing.pdb; path = BuiltInMolecules/TheoreticalBearing.pdb; sourceTree = "<group>"; };
		BC5F1F862A59DAC000416000 /* Heme.sdf */ = {isa = PBXFileReference; fileEncoding = 4; lastKnownFileType = text; name = Heme.sdf; path = BuiltInMolecules/Heme.sdf; sourceTree = "<group>"; };
		BC5F1F892A59DAC000416000 /* Nanotube.pdb */ = {isa = PBXFileReference; fileEncoding = 4; lastKnownFileType = text; name = Nanotube.pdb; path = BuiltInMolecules/Nanotube.pdb; sourceTree = "<group>"; };
		BC5F1FA32A59E96E00416000 /* MoleculeDocument.swift */ = {isa = PBXFileReference; lastKnownFileType = sourcecode.swift; path = MoleculeDocument.swift; sourceTree = "<group>"; };
		BC5F1FA82A5A0D4300416000 /* DNA.pdb */ = {isa = PBXFileReference; fileEncoding = 4; lastKnownFileType = text; name = DNA.pdb; path = BuiltInMolecules/DNA.pdb; sourceTree = "<group>"; };
		BC5F1FA92A5A0D4300416000 /* Insulin.pdb */ = {isa = PBXFileReference; fileEncoding = 4; lastKnownFileType = text; name = Insulin.pdb; path = BuiltInMolecules/Insulin.pdb; sourceTree = "<group>"; };
		BC5F1FAA2A5A0D4300416000 /* Buckminsterfullerene.sdf */ = {isa = PBXFileReference; fileEncoding = 4; lastKnownFileType = text; name = Buckminsterfullerene.sdf; path = BuiltInMolecules/Buckminsterfullerene.sdf; sourceTree = "<group>"; };
		BC5F1FAB2A5A0D4300416000 /* Caffeine.pdb */ = {isa = PBXFileReference; fileEncoding = 4; lastKnownFileType = text; name = Caffeine.pdb; path = BuiltInMolecules/Caffeine.pdb; sourceTree = "<group>"; };
		BC5F1FAC2A5A0D4300416000 /* TransferRNA.pdb */ = {isa = PBXFileReference; fileEncoding = 4; lastKnownFileType = text; name = TransferRNA.pdb; path = BuiltInMolecules/TransferRNA.pdb; sourceTree = "<group>"; };
		BC5F1FCB2A5A29D400416000 /* MetalRenderView.swift */ = {isa = PBXFileReference; lastKnownFileType = sourcecode.swift; path = MetalRenderView.swift; sourceTree = "<group>"; };
		BC5F1FCE2A5A34FD00416000 /* MoleculeMetadataView.swift */ = {isa = PBXFileReference; lastKnownFileType = sourcecode.swift; path = MoleculeMetadataView.swift; sourceTree = "<group>"; };
		BC5F1FD12A5A4B5300416000 /* SDFFile.swift */ = {isa = PBXFileReference; lastKnownFileType = sourcecode.swift; path = SDFFile.swift; sourceTree = "<group>"; };
		BC5F1FD42A5A4C5800416000 /* XYZFile.swift */ = {isa = PBXFileReference; lastKnownFileType = sourcecode.swift; path = XYZFile.swift; sourceTree = "<group>"; };
		BC5F1FD72A5A4CAB00416000 /* SDFFileTests.swift */ = {isa = PBXFileReference; lastKnownFileType = sourcecode.swift; path = SDFFileTests.swift; sourceTree = "<group>"; };
		BC5F1FD92A5A4EA900416000 /* XYZFileTests.swift */ = {isa = PBXFileReference; lastKnownFileType = sourcecode.swift; path = XYZFileTests.swift; sourceTree = "<group>"; };
		BC5F1FDC2A5B097E00416000 /* Acetylcholinesterase.pdb.gz */ = {isa = PBXFileReference; lastKnownFileType = archive.gzip; name = Acetylcholinesterase.pdb.gz; path = BuiltInMolecules/Acetylcholinesterase.pdb.gz; sourceTree = "<group>"; };
		BC5F1FDD2A5B097E00416000 /* 3QE5.pdb.gz */ = {isa = PBXFileReference; lastKnownFileType = archive.gzip; name = 3QE5.pdb.gz; path = BuiltInMolecules/3QE5.pdb.gz; sourceTree = "<group>"; };
		BC5F1FDE2A5B097E00416000 /* TheoreticalXenonPump.pdb.gz */ = {isa = PBXFileReference; lastKnownFileType = archive.gzip; name = TheoreticalXenonPump.pdb.gz; path = BuiltInMolecules/TheoreticalXenonPump.pdb.gz; sourceTree = "<group>"; };
		BC5F1FE52A5B099400416000 /* TransferRNA.pdb.gz */ = {isa = PBXFileReference; lastKnownFileType = archive.gzip; name = TransferRNA.pdb.gz; path = TestMolecules/TransferRNA.pdb.gz; sourceTree = "<group>"; };
		BC5F1FE62A5B099400416000 /* SampleMolecule.xyz */ = {isa = PBXFileReference; fileEncoding = 4; lastKnownFileType = text; name = SampleMolecule.xyz; path = TestMolecules/SampleMolecule.xyz; sourceTree = "<group>"; };
		BC5F1FE72A5B099400416000 /* Caffeine.pdb.gz */ = {isa = PBXFileReference; lastKnownFileType = archive.gzip; name = Caffeine.pdb.gz; path = TestMolecules/Caffeine.pdb.gz; sourceTree = "<group>"; };
		BC5F1FE82A5B099400416000 /* DNA.pdb.gz */ = {isa = PBXFileReference; lastKnownFileType = archive.gzip; name = DNA.pdb.gz; path = TestMolecules/DNA.pdb.gz; sourceTree = "<group>"; };
		BC5F1FEE2A5B51AF00416000 /* SphereRaytracing.metal */ = {isa = PBXFileReference; lastKnownFileType = sourcecode.metal; path = SphereRaytracing.metal; sourceTree = "<group>"; };
		BC5F1FF02A5B63B800416000 /* MetalRenderingDevice.swift */ = {isa = PBXFileReference; lastKnownFileType = sourcecode.swift; path = MetalRenderingDevice.swift; sourceTree = "<group>"; };
		BC5F1FF22A5CD81400416000 /* RenderingTests.swift */ = {isa = PBXFileReference; lastKnownFileType = sourcecode.swift; path = RenderingTests.swift; sourceTree = "<group>"; };
		BCF265E22A6377D300374DB0 /* AminoAcidResidue.swift */ = {isa = PBXFileReference; lastKnownFileType = sourcecode.swift; path = AminoAcidResidue.swift; sourceTree = "<group>"; };
/* End PBXFileReference section */

/* Begin PBXFrameworksBuildPhase section */
		BC5806FE2A56395400313289 /* Frameworks */ = {
			isa = PBXFrameworksBuildPhase;
			buildActionMask = 2147483647;
			files = (
				BC5F1F712A579BB000416000 /* Gzip in Frameworks */,
			);
			runOnlyForDeploymentPostprocessing = 0;
		};
		BC58070E2A56395900313289 /* Frameworks */ = {
			isa = PBXFrameworksBuildPhase;
			buildActionMask = 2147483647;
			files = (
			);
			runOnlyForDeploymentPostprocessing = 0;
		};
		BC5807182A56395900313289 /* Frameworks */ = {
			isa = PBXFrameworksBuildPhase;
			buildActionMask = 2147483647;
			files = (
			);
			runOnlyForDeploymentPostprocessing = 0;
		};
/* End PBXFrameworksBuildPhase section */

/* Begin PBXGroup section */
		BC5806F82A56395400313289 = {
			isa = PBXGroup;
			children = (
				BC5807032A56395400313289 /* Molecules */,
				BC5807142A56395900313289 /* MoleculesTests */,
				BC58071E2A56395900313289 /* MoleculesUITests */,
				BC5F1F5B2A578A3900416000 /* BuiltInMolecules */,
				BC5807022A56395400313289 /* Products */,
			);
			sourceTree = "<group>";
		};
		BC5807022A56395400313289 /* Products */ = {
			isa = PBXGroup;
			children = (
				BC5807012A56395400313289 /* Molecules.app */,
				BC5807112A56395900313289 /* MoleculesTests.xctest */,
				BC58071B2A56395900313289 /* MoleculesUITests.xctest */,
			);
			name = Products;
			sourceTree = "<group>";
		};
		BC5807032A56395400313289 /* Molecules */ = {
			isa = PBXGroup;
			children = (
				BC5807042A56395400313289 /* MoleculesApp.swift */,
				BC5F1FF42A62F52800416000 /* Interface */,
				BC5F1F722A579BCE00416000 /* FileProcessing */,
				BC5F1FA62A59FB1F00416000 /* Rendering */,
				BC5F1F6E2A578BA000416000 /* Info.plist */,
				BC5807082A56395900313289 /* Assets.xcassets */,
				BC58070A2A56395900313289 /* Preview Content */,
			);
			path = Molecules;
			sourceTree = "<group>";
		};
		BC58070A2A56395900313289 /* Preview Content */ = {
			isa = PBXGroup;
			children = (
				BC58070B2A56395900313289 /* Preview Assets.xcassets */,
			);
			path = "Preview Content";
			sourceTree = "<group>";
		};
		BC5807142A56395900313289 /* MoleculesTests */ = {
			isa = PBXGroup;
			children = (
				BC5F1FDB2A5B088D00416000 /* TestMolecules */,
				BC5807152A56395900313289 /* PDBFileTests.swift */,
				BC5F1FD72A5A4CAB00416000 /* SDFFileTests.swift */,
				BC5F1FD92A5A4EA900416000 /* XYZFileTests.swift */,
				BC5F1FF22A5CD81400416000 /* RenderingTests.swift */,
			);
			path = MoleculesTests;
			sourceTree = "<group>";
		};
		BC58071E2A56395900313289 /* MoleculesUITests */ = {
			isa = PBXGroup;
			children = (
				BC58071F2A56395900313289 /* MoleculesUITests.swift */,
				BC5807212A56395900313289 /* MoleculesUITestsLaunchTests.swift */,
			);
			path = MoleculesUITests;
			sourceTree = "<group>";
		};
		BC5F1F5B2A578A3900416000 /* BuiltInMolecules */ = {
			isa = PBXGroup;
			children = (
				BC5F1FDD2A5B097E00416000 /* 3QE5.pdb.gz */,
				BC5F1FDC2A5B097E00416000 /* Acetylcholinesterase.pdb.gz */,
				BC5F1FDE2A5B097E00416000 /* TheoreticalXenonPump.pdb.gz */,
				BC5F1FAA2A5A0D4300416000 /* Buckminsterfullerene.sdf */,
				BC5F1FAB2A5A0D4300416000 /* Caffeine.pdb */,
				BC5F1FA82A5A0D4300416000 /* DNA.pdb */,
				BC5F1FA92A5A0D4300416000 /* Insulin.pdb */,
				BC5F1FAC2A5A0D4300416000 /* TransferRNA.pdb */,
				BC5F1F862A59DAC000416000 /* Heme.sdf */,
				BC5F1F892A59DAC000416000 /* Nanotube.pdb */,
				BC5F1F822A59DABF00416000 /* TheoreticalBearing.pdb */,
			);
			name = BuiltInMolecules;
			sourceTree = "<group>";
		};
		BC5F1F722A579BCE00416000 /* FileProcessing */ = {
			isa = PBXGroup;
			children = (
				BC5F1FA32A59E96E00416000 /* MoleculeDocument.swift */,
				BC5F1F762A58D40500416000 /* MolecularStructure.swift */,
				BC5F1F732A579BEE00416000 /* PDBFile.swift */,
				BC5F1FD12A5A4B5300416000 /* SDFFile.swift */,
				BC5F1FD42A5A4C5800416000 /* XYZFile.swift */,
				BC5F1F792A58EB5500416000 /* Atom.swift */,
				BC5F1F7C2A58EB6300416000 /* Bond.swift */,
				BC5F1F7F2A58EC5F00416000 /* Coordinate.swift */,
				BCF265E22A6377D300374DB0 /* AminoAcidResidue.swift */,
			);
			path = FileProcessing;
			sourceTree = "<group>";
		};
		BC5F1FA62A59FB1F00416000 /* Rendering */ = {
			isa = PBXGroup;
			children = (
				BC5F1FCB2A5A29D400416000 /* MetalRenderView.swift */,
				BC5F1FF02A5B63B800416000 /* MetalRenderingDevice.swift */,
				BC5F1FED2A5B421600416000 /* Shaders */,
			);
			path = Rendering;
			sourceTree = "<group>";
		};
		BC5F1FDB2A5B088D00416000 /* TestMolecules */ = {
			isa = PBXGroup;
			children = (
				BC5F1FE72A5B099400416000 /* Caffeine.pdb.gz */,
				BC5F1FE82A5B099400416000 /* DNA.pdb.gz */,
				BC5F1FE62A5B099400416000 /* SampleMolecule.xyz */,
				BC5F1FE52A5B099400416000 /* TransferRNA.pdb.gz */,
			);
			name = TestMolecules;
			sourceTree = "<group>";
		};
		BC5F1FED2A5B421600416000 /* Shaders */ = {
			isa = PBXGroup;
			children = (
				BC5F1FEE2A5B51AF00416000 /* SphereRaytracing.metal */,
			);
			path = Shaders;
			sourceTree = "<group>";
		};
		BC5F1FF42A62F52800416000 /* Interface */ = {
			isa = PBXGroup;
			children = (
				BC5807062A56395400313289 /* MoleculeDisplayView.swift */,
				BC5F1FCE2A5A34FD00416000 /* MoleculeMetadataView.swift */,
			);
			path = Interface;
			sourceTree = "<group>";
		};
/* End PBXGroup section */

/* Begin PBXNativeTarget section */
		BC5807002A56395400313289 /* Molecules */ = {
			isa = PBXNativeTarget;
			buildConfigurationList = BC5807252A56395900313289 /* Build configuration list for PBXNativeTarget "Molecules" */;
			buildPhases = (
				BC5806FD2A56395400313289 /* Sources */,
				BC5806FE2A56395400313289 /* Frameworks */,
				BC5806FF2A56395400313289 /* Resources */,
			);
			buildRules = (
			);
			dependencies = (
			);
			name = Molecules;
			packageProductDependencies = (
				BC5F1F702A579BB000416000 /* Gzip */,
			);
			productName = Molecules;
			productReference = BC5807012A56395400313289 /* Molecules.app */;
			productType = "com.apple.product-type.application";
		};
		BC5807102A56395900313289 /* MoleculesTests */ = {
			isa = PBXNativeTarget;
			buildConfigurationList = BC5807282A56395900313289 /* Build configuration list for PBXNativeTarget "MoleculesTests" */;
			buildPhases = (
				BC58070D2A56395900313289 /* Sources */,
				BC58070E2A56395900313289 /* Frameworks */,
				BC58070F2A56395900313289 /* Resources */,
			);
			buildRules = (
			);
			dependencies = (
				BC5807132A56395900313289 /* PBXTargetDependency */,
			);
			name = MoleculesTests;
			productName = MoleculesTests;
			productReference = BC5807112A56395900313289 /* MoleculesTests.xctest */;
			productType = "com.apple.product-type.bundle.unit-test";
		};
		BC58071A2A56395900313289 /* MoleculesUITests */ = {
			isa = PBXNativeTarget;
			buildConfigurationList = BC58072B2A56395900313289 /* Build configuration list for PBXNativeTarget "MoleculesUITests" */;
			buildPhases = (
				BC5807172A56395900313289 /* Sources */,
				BC5807182A56395900313289 /* Frameworks */,
				BC5807192A56395900313289 /* Resources */,
			);
			buildRules = (
			);
			dependencies = (
				BC58071D2A56395900313289 /* PBXTargetDependency */,
			);
			name = MoleculesUITests;
			productName = MoleculesUITests;
			productReference = BC58071B2A56395900313289 /* MoleculesUITests.xctest */;
			productType = "com.apple.product-type.bundle.ui-testing";
		};
/* End PBXNativeTarget section */

/* Begin PBXProject section */
		BC5806F92A56395400313289 /* Project object */ = {
			isa = PBXProject;
			attributes = {
				BuildIndependentTargetsInParallel = 1;
				LastSwiftUpdateCheck = 1410;
				LastUpgradeCheck = 1410;
				TargetAttributes = {
					BC5807002A56395400313289 = {
						CreatedOnToolsVersion = 14.1;
					};
					BC5807102A56395900313289 = {
						CreatedOnToolsVersion = 14.1;
						TestTargetID = BC5807002A56395400313289;
					};
					BC58071A2A56395900313289 = {
						CreatedOnToolsVersion = 14.1;
						TestTargetID = BC5807002A56395400313289;
					};
				};
			};
			buildConfigurationList = BC5806FC2A56395400313289 /* Build configuration list for PBXProject "Molecules" */;
			compatibilityVersion = "Xcode 14.0";
			developmentRegion = en;
			hasScannedForEncodings = 0;
			knownRegions = (
				en,
				Base,
			);
			mainGroup = BC5806F82A56395400313289;
			packageReferences = (
				BC5F1F6F2A579BB000416000 /* XCRemoteSwiftPackageReference "GzipSwift" */,
			);
			productRefGroup = BC5807022A56395400313289 /* Products */;
			projectDirPath = "";
			projectRoot = "";
			targets = (
				BC5807002A56395400313289 /* Molecules */,
				BC5807102A56395900313289 /* MoleculesTests */,
				BC58071A2A56395900313289 /* MoleculesUITests */,
			);
		};
/* End PBXProject section */

/* Begin PBXResourcesBuildPhase section */
		BC5806FF2A56395400313289 /* Resources */ = {
			isa = PBXResourcesBuildPhase;
			buildActionMask = 2147483647;
			files = (
				BC5F1FE32A5B097E00416000 /* TheoreticalXenonPump.pdb.gz in Resources */,
				BC5F1FE12A5B097E00416000 /* 3QE5.pdb.gz in Resources */,
				BC5F1FB92A5A0D4300416000 /* TransferRNA.pdb in Resources */,
				BC5F1FB32A5A0D4300416000 /* Insulin.pdb in Resources */,
				BC5F1FDF2A5B097E00416000 /* Acetylcholinesterase.pdb.gz in Resources */,
				BC5F1FB52A5A0D4300416000 /* Buckminsterfullerene.sdf in Resources */,
				BC5F1FB72A5A0D4300416000 /* Caffeine.pdb in Resources */,
				BC5F1F952A59DAC000416000 /* Heme.sdf in Resources */,
				BC58070C2A56395900313289 /* Preview Assets.xcassets in Resources */,
				BC5F1F9B2A59DAC000416000 /* Nanotube.pdb in Resources */,
				BC5807092A56395900313289 /* Assets.xcassets in Resources */,
				BC5F1FB12A5A0D4300416000 /* DNA.pdb in Resources */,
				BC5F1F8D2A59DAC000416000 /* TheoreticalBearing.pdb in Resources */,
			);
			runOnlyForDeploymentPostprocessing = 0;
		};
		BC58070F2A56395900313289 /* Resources */ = {
			isa = PBXResourcesBuildPhase;
			buildActionMask = 2147483647;
			files = (
				BC5F1FEC2A5B099400416000 /* DNA.pdb.gz in Resources */,
				BC5F1F8E2A59DAC000416000 /* TheoreticalBearing.pdb in Resources */,
				BC5F1FE02A5B097E00416000 /* Acetylcholinesterase.pdb.gz in Resources */,
				BC5F1FE42A5B097E00416000 /* TheoreticalXenonPump.pdb.gz in Resources */,
				BC5F1FE92A5B099400416000 /* TransferRNA.pdb.gz in Resources */,
				BC5F1FB82A5A0D4300416000 /* Caffeine.pdb in Resources */,
				BC5F1FEB2A5B099400416000 /* Caffeine.pdb.gz in Resources */,
				BC5F1FEA2A5B099400416000 /* SampleMolecule.xyz in Resources */,
				BC5F1FBA2A5A0D4300416000 /* TransferRNA.pdb in Resources */,
				BC5F1FB62A5A0D4300416000 /* Buckminsterfullerene.sdf in Resources */,
				BC5F1FB42A5A0D4300416000 /* Insulin.pdb in Resources */,
				BC5F1F9C2A59DAC000416000 /* Nanotube.pdb in Resources */,
				BC5F1FB22A5A0D4300416000 /* DNA.pdb in Resources */,
				BC5F1FE22A5B097E00416000 /* 3QE5.pdb.gz in Resources */,
				BC5F1F962A59DAC000416000 /* Heme.sdf in Resources */,
			);
			runOnlyForDeploymentPostprocessing = 0;
		};
		BC5807192A56395900313289 /* Resources */ = {
			isa = PBXResourcesBuildPhase;
			buildActionMask = 2147483647;
			files = (
			);
			runOnlyForDeploymentPostprocessing = 0;
		};
/* End PBXResourcesBuildPhase section */

/* Begin PBXSourcesBuildPhase section */
		BC5806FD2A56395400313289 /* Sources */ = {
			isa = PBXSourcesBuildPhase;
			buildActionMask = 2147483647;
			files = (
				BC5F1F802A58EC5F00416000 /* Coordinate.swift in Sources */,
				BC5F1FCF2A5A34FD00416000 /* MoleculeMetadataView.swift in Sources */,
				BC5F1F772A58D40500416000 /* MolecularStructure.swift in Sources */,
				BC5F1FD52A5A4C5800416000 /* XYZFile.swift in Sources */,
				BC5F1FD22A5A4B5300416000 /* SDFFile.swift in Sources */,
				BC5807072A56395400313289 /* MoleculeDisplayView.swift in Sources */,
				BC5F1F7D2A58EB6300416000 /* Bond.swift in Sources */,
				BC5F1F7A2A58EB5500416000 /* Atom.swift in Sources */,
				BC5F1FF12A5B63B800416000 /* MetalRenderingDevice.swift in Sources */,
				BC5F1F742A579BEE00416000 /* PDBFile.swift in Sources */,
				BC5F1FA42A59E96E00416000 /* MoleculeDocument.swift in Sources */,
				BC5F1FEF2A5B51AF00416000 /* SphereRaytracing.metal in Sources */,
				BC5F1FCC2A5A29D400416000 /* MetalRenderView.swift in Sources */,
				BCF265E32A6377D300374DB0 /* AminoAcidResidue.swift in Sources */,
				BC5807052A56395400313289 /* MoleculesApp.swift in Sources */,
			);
			runOnlyForDeploymentPostprocessing = 0;
		};
		BC58070D2A56395900313289 /* Sources */ = {
			isa = PBXSourcesBuildPhase;
			buildActionMask = 2147483647;
			files = (
				BC5F1FD82A5A4CAB00416000 /* SDFFileTests.swift in Sources */,
				BC5F1FDA2A5A4EA900416000 /* XYZFileTests.swift in Sources */,
				BC5F1FF32A5CD81400416000 /* RenderingTests.swift in Sources */,
				BC5807162A56395900313289 /* PDBFileTests.swift in Sources */,
			);
			runOnlyForDeploymentPostprocessing = 0;
		};
		BC5807172A56395900313289 /* Sources */ = {
			isa = PBXSourcesBuildPhase;
			buildActionMask = 2147483647;
			files = (
				BC5807222A56395900313289 /* MoleculesUITestsLaunchTests.swift in Sources */,
				BC5807202A56395900313289 /* MoleculesUITests.swift in Sources */,
			);
			runOnlyForDeploymentPostprocessing = 0;
		};
/* End PBXSourcesBuildPhase section */

/* Begin PBXTargetDependency section */
		BC5807132A56395900313289 /* PBXTargetDependency */ = {
			isa = PBXTargetDependency;
			target = BC5807002A56395400313289 /* Molecules */;
			targetProxy = BC5807122A56395900313289 /* PBXContainerItemProxy */;
		};
		BC58071D2A56395900313289 /* PBXTargetDependency */ = {
			isa = PBXTargetDependency;
			target = BC5807002A56395400313289 /* Molecules */;
			targetProxy = BC58071C2A56395900313289 /* PBXContainerItemProxy */;
		};
/* End PBXTargetDependency section */

/* Begin XCBuildConfiguration section */
		BC5807232A56395900313289 /* Debug */ = {
			isa = XCBuildConfiguration;
			buildSettings = {
				ALWAYS_SEARCH_USER_PATHS = NO;
				CLANG_ANALYZER_NONNULL = YES;
				CLANG_ANALYZER_NUMBER_OBJECT_CONVERSION = YES_AGGRESSIVE;
				CLANG_CXX_LANGUAGE_STANDARD = "gnu++20";
				CLANG_ENABLE_MODULES = YES;
				CLANG_ENABLE_OBJC_ARC = YES;
				CLANG_ENABLE_OBJC_WEAK = YES;
				CLANG_WARN_BLOCK_CAPTURE_AUTORELEASING = YES;
				CLANG_WARN_BOOL_CONVERSION = YES;
				CLANG_WARN_COMMA = YES;
				CLANG_WARN_CONSTANT_CONVERSION = YES;
				CLANG_WARN_DEPRECATED_OBJC_IMPLEMENTATIONS = YES;
				CLANG_WARN_DIRECT_OBJC_ISA_USAGE = YES_ERROR;
				CLANG_WARN_DOCUMENTATION_COMMENTS = YES;
				CLANG_WARN_EMPTY_BODY = YES;
				CLANG_WARN_ENUM_CONVERSION = YES;
				CLANG_WARN_INFINITE_RECURSION = YES;
				CLANG_WARN_INT_CONVERSION = YES;
				CLANG_WARN_NON_LITERAL_NULL_CONVERSION = YES;
				CLANG_WARN_OBJC_IMPLICIT_RETAIN_SELF = YES;
				CLANG_WARN_OBJC_LITERAL_CONVERSION = YES;
				CLANG_WARN_OBJC_ROOT_CLASS = YES_ERROR;
				CLANG_WARN_QUOTED_INCLUDE_IN_FRAMEWORK_HEADER = YES;
				CLANG_WARN_RANGE_LOOP_ANALYSIS = YES;
				CLANG_WARN_STRICT_PROTOTYPES = YES;
				CLANG_WARN_SUSPICIOUS_MOVE = YES;
				CLANG_WARN_UNGUARDED_AVAILABILITY = YES_AGGRESSIVE;
				CLANG_WARN_UNREACHABLE_CODE = YES;
				CLANG_WARN__DUPLICATE_METHOD_MATCH = YES;
				COPY_PHASE_STRIP = NO;
				DEBUG_INFORMATION_FORMAT = dwarf;
				ENABLE_STRICT_OBJC_MSGSEND = YES;
				ENABLE_TESTABILITY = YES;
				GCC_C_LANGUAGE_STANDARD = gnu11;
				GCC_DYNAMIC_NO_PIC = NO;
				GCC_NO_COMMON_BLOCKS = YES;
				GCC_OPTIMIZATION_LEVEL = 0;
				GCC_PREPROCESSOR_DEFINITIONS = (
					"DEBUG=1",
					"$(inherited)",
				);
				GCC_WARN_64_TO_32_BIT_CONVERSION = YES;
				GCC_WARN_ABOUT_RETURN_TYPE = YES_ERROR;
				GCC_WARN_UNDECLARED_SELECTOR = YES;
				GCC_WARN_UNINITIALIZED_AUTOS = YES_AGGRESSIVE;
				GCC_WARN_UNUSED_FUNCTION = YES;
				GCC_WARN_UNUSED_VARIABLE = YES;
				IPHONEOS_DEPLOYMENT_TARGET = 16.1;
				MTL_ENABLE_DEBUG_INFO = INCLUDE_SOURCE;
				MTL_FAST_MATH = YES;
				ONLY_ACTIVE_ARCH = YES;
				SDKROOT = iphoneos;
				SWIFT_ACTIVE_COMPILATION_CONDITIONS = DEBUG;
				SWIFT_OPTIMIZATION_LEVEL = "-Onone";
			};
			name = Debug;
		};
		BC5807242A56395900313289 /* Release */ = {
			isa = XCBuildConfiguration;
			buildSettings = {
				ALWAYS_SEARCH_USER_PATHS = NO;
				CLANG_ANALYZER_NONNULL = YES;
				CLANG_ANALYZER_NUMBER_OBJECT_CONVERSION = YES_AGGRESSIVE;
				CLANG_CXX_LANGUAGE_STANDARD = "gnu++20";
				CLANG_ENABLE_MODULES = YES;
				CLANG_ENABLE_OBJC_ARC = YES;
				CLANG_ENABLE_OBJC_WEAK = YES;
				CLANG_WARN_BLOCK_CAPTURE_AUTORELEASING = YES;
				CLANG_WARN_BOOL_CONVERSION = YES;
				CLANG_WARN_COMMA = YES;
				CLANG_WARN_CONSTANT_CONVERSION = YES;
				CLANG_WARN_DEPRECATED_OBJC_IMPLEMENTATIONS = YES;
				CLANG_WARN_DIRECT_OBJC_ISA_USAGE = YES_ERROR;
				CLANG_WARN_DOCUMENTATION_COMMENTS = YES;
				CLANG_WARN_EMPTY_BODY = YES;
				CLANG_WARN_ENUM_CONVERSION = YES;
				CLANG_WARN_INFINITE_RECURSION = YES;
				CLANG_WARN_INT_CONVERSION = YES;
				CLANG_WARN_NON_LITERAL_NULL_CONVERSION = YES;
				CLANG_WARN_OBJC_IMPLICIT_RETAIN_SELF = YES;
				CLANG_WARN_OBJC_LITERAL_CONVERSION = YES;
				CLANG_WARN_OBJC_ROOT_CLASS = YES_ERROR;
				CLANG_WARN_QUOTED_INCLUDE_IN_FRAMEWORK_HEADER = YES;
				CLANG_WARN_RANGE_LOOP_ANALYSIS = YES;
				CLANG_WARN_STRICT_PROTOTYPES = YES;
				CLANG_WARN_SUSPICIOUS_MOVE = YES;
				CLANG_WARN_UNGUARDED_AVAILABILITY = YES_AGGRESSIVE;
				CLANG_WARN_UNREACHABLE_CODE = YES;
				CLANG_WARN__DUPLICATE_METHOD_MATCH = YES;
				COPY_PHASE_STRIP = NO;
				DEBUG_INFORMATION_FORMAT = "dwarf-with-dsym";
				ENABLE_NS_ASSERTIONS = NO;
				ENABLE_STRICT_OBJC_MSGSEND = YES;
				GCC_C_LANGUAGE_STANDARD = gnu11;
				GCC_NO_COMMON_BLOCKS = YES;
				GCC_WARN_64_TO_32_BIT_CONVERSION = YES;
				GCC_WARN_ABOUT_RETURN_TYPE = YES_ERROR;
				GCC_WARN_UNDECLARED_SELECTOR = YES;
				GCC_WARN_UNINITIALIZED_AUTOS = YES_AGGRESSIVE;
				GCC_WARN_UNUSED_FUNCTION = YES;
				GCC_WARN_UNUSED_VARIABLE = YES;
				IPHONEOS_DEPLOYMENT_TARGET = 16.1;
				MTL_ENABLE_DEBUG_INFO = NO;
				MTL_FAST_MATH = YES;
				SDKROOT = iphoneos;
				SWIFT_COMPILATION_MODE = wholemodule;
				SWIFT_OPTIMIZATION_LEVEL = "-O";
				VALIDATE_PRODUCT = YES;
			};
			name = Release;
		};
		BC5807262A56395900313289 /* Debug */ = {
			isa = XCBuildConfiguration;
			buildSettings = {
				ASSETCATALOG_COMPILER_APPICON_NAME = AppIcon;
				ASSETCATALOG_COMPILER_GLOBAL_ACCENT_COLOR_NAME = AccentColor;
				CODE_SIGN_STYLE = Automatic;
				CURRENT_PROJECT_VERSION = 1;
				DEVELOPMENT_ASSET_PATHS = "\"Molecules/Preview Content\"";
				DEVELOPMENT_TEAM = J2U2U9GBML;
				ENABLE_PREVIEWS = YES;
				GENERATE_INFOPLIST_FILE = YES;
				INFOPLIST_FILE = Molecules/Info.plist;
				INFOPLIST_KEY_UIApplicationSceneManifest_Generation = YES;
				INFOPLIST_KEY_UIApplicationSupportsIndirectInputEvents = YES;
				INFOPLIST_KEY_UILaunchScreen_Generation = YES;
				INFOPLIST_KEY_UISupportedInterfaceOrientations = UIInterfaceOrientationPortrait;
				INFOPLIST_KEY_UISupportedInterfaceOrientations_iPad = "UIInterfaceOrientationLandscapeLeft UIInterfaceOrientationLandscapeRight UIInterfaceOrientationPortrait UIInterfaceOrientationPortraitUpsideDown";
				INFOPLIST_KEY_UISupportsDocumentBrowser = YES;
				IPHONEOS_DEPLOYMENT_TARGET = 16.0;
				LD_RUNPATH_SEARCH_PATHS = (
					"$(inherited)",
					"@executable_path/Frameworks",
				);
				MARKETING_VERSION = 3.0;
				PRODUCT_BUNDLE_IDENTIFIER = com.sunsetlakesoftware.Molecules;
				PRODUCT_NAME = "$(TARGET_NAME)";
				SWIFT_EMIT_LOC_STRINGS = YES;
				SWIFT_VERSION = 5.0;
				TARGETED_DEVICE_FAMILY = "1,2";
			};
			name = Debug;
		};
		BC5807272A56395900313289 /* Release */ = {
			isa = XCBuildConfiguration;
			buildSettings = {
				ASSETCATALOG_COMPILER_APPICON_NAME = AppIcon;
				ASSETCATALOG_COMPILER_GLOBAL_ACCENT_COLOR_NAME = AccentColor;
				CODE_SIGN_STYLE = Automatic;
				CURRENT_PROJECT_VERSION = 1;
				DEVELOPMENT_ASSET_PATHS = "\"Molecules/Preview Content\"";
				DEVELOPMENT_TEAM = J2U2U9GBML;
				ENABLE_PREVIEWS = YES;
				GENERATE_INFOPLIST_FILE = YES;
				INFOPLIST_FILE = Molecules/Info.plist;
				INFOPLIST_KEY_UIApplicationSceneManifest_Generation = YES;
				INFOPLIST_KEY_UIApplicationSupportsIndirectInputEvents = YES;
				INFOPLIST_KEY_UILaunchScreen_Generation = YES;
				INFOPLIST_KEY_UISupportedInterfaceOrientations = UIInterfaceOrientationPortrait;
				INFOPLIST_KEY_UISupportedInterfaceOrientations_iPad = "UIInterfaceOrientationLandscapeLeft UIInterfaceOrientationLandscapeRight UIInterfaceOrientationPortrait UIInterfaceOrientationPortraitUpsideDown";
				INFOPLIST_KEY_UISupportsDocumentBrowser = YES;
				IPHONEOS_DEPLOYMENT_TARGET = 16.0;
				LD_RUNPATH_SEARCH_PATHS = (
					"$(inherited)",
					"@executable_path/Frameworks",
				);
				MARKETING_VERSION = 3.0;
				PRODUCT_BUNDLE_IDENTIFIER = com.sunsetlakesoftware.Molecules;
				PRODUCT_NAME = "$(TARGET_NAME)";
				SWIFT_EMIT_LOC_STRINGS = YES;
				SWIFT_VERSION = 5.0;
				TARGETED_DEVICE_FAMILY = "1,2";
			};
			name = Release;
		};
		BC5807292A56395900313289 /* Debug */ = {
			isa = XCBuildConfiguration;
			buildSettings = {
				ALWAYS_EMBED_SWIFT_STANDARD_LIBRARIES = YES;
				BUNDLE_LOADER = "$(TEST_HOST)";
				CODE_SIGN_STYLE = Automatic;
				CURRENT_PROJECT_VERSION = 1;
				DEVELOPMENT_TEAM = J2U2U9GBML;
				GENERATE_INFOPLIST_FILE = YES;
				IPHONEOS_DEPLOYMENT_TARGET = 16.0;
				MARKETING_VERSION = 1.0;
				PRODUCT_BUNDLE_IDENTIFIER = com.sunsetlakesoftware.MoleculesTests;
				PRODUCT_NAME = "$(TARGET_NAME)";
				SWIFT_EMIT_LOC_STRINGS = NO;
				SWIFT_VERSION = 5.0;
				TARGETED_DEVICE_FAMILY = "1,2";
				TEST_HOST = "$(BUILT_PRODUCTS_DIR)/Molecules.app/$(BUNDLE_EXECUTABLE_FOLDER_PATH)/Molecules";
			};
			name = Debug;
		};
		BC58072A2A56395900313289 /* Release */ = {
			isa = XCBuildConfiguration;
			buildSettings = {
				ALWAYS_EMBED_SWIFT_STANDARD_LIBRARIES = YES;
				BUNDLE_LOADER = "$(TEST_HOST)";
				CODE_SIGN_STYLE = Automatic;
				CURRENT_PROJECT_VERSION = 1;
				DEVELOPMENT_TEAM = J2U2U9GBML;
				GENERATE_INFOPLIST_FILE = YES;
				IPHONEOS_DEPLOYMENT_TARGET = 16.0;
				MARKETING_VERSION = 1.0;
				PRODUCT_BUNDLE_IDENTIFIER = com.sunsetlakesoftware.MoleculesTests;
				PRODUCT_NAME = "$(TARGET_NAME)";
				SWIFT_EMIT_LOC_STRINGS = NO;
				SWIFT_VERSION = 5.0;
				TARGETED_DEVICE_FAMILY = "1,2";
				TEST_HOST = "$(BUILT_PRODUCTS_DIR)/Molecules.app/$(BUNDLE_EXECUTABLE_FOLDER_PATH)/Molecules";
			};
			name = Release;
		};
		BC58072C2A56395900313289 /* Debug */ = {
			isa = XCBuildConfiguration;
			buildSettings = {
				ALWAYS_EMBED_SWIFT_STANDARD_LIBRARIES = YES;
				CODE_SIGN_STYLE = Automatic;
				CURRENT_PROJECT_VERSION = 1;
				DEVELOPMENT_TEAM = J2U2U9GBML;
				GENERATE_INFOPLIST_FILE = YES;
				IPHONEOS_DEPLOYMENT_TARGET = 16.0;
				MARKETING_VERSION = 1.0;
				PRODUCT_BUNDLE_IDENTIFIER = com.sunsetlakesoftware.MoleculesUITests;
				PRODUCT_NAME = "$(TARGET_NAME)";
				SWIFT_EMIT_LOC_STRINGS = NO;
				SWIFT_VERSION = 5.0;
				TARGETED_DEVICE_FAMILY = "1,2";
				TEST_TARGET_NAME = Molecules;
			};
			name = Debug;
		};
		BC58072D2A56395900313289 /* Release */ = {
			isa = XCBuildConfiguration;
			buildSettings = {
				ALWAYS_EMBED_SWIFT_STANDARD_LIBRARIES = YES;
				CODE_SIGN_STYLE = Automatic;
				CURRENT_PROJECT_VERSION = 1;
				DEVELOPMENT_TEAM = J2U2U9GBML;
				GENERATE_INFOPLIST_FILE = YES;
				IPHONEOS_DEPLOYMENT_TARGET = 16.0;
				MARKETING_VERSION = 1.0;
				PRODUCT_BUNDLE_IDENTIFIER = com.sunsetlakesoftware.MoleculesUITests;
				PRODUCT_NAME = "$(TARGET_NAME)";
				SWIFT_EMIT_LOC_STRINGS = NO;
				SWIFT_VERSION = 5.0;
				TARGETED_DEVICE_FAMILY = "1,2";
				TEST_TARGET_NAME = Molecules;
			};
			name = Release;
		};
/* End XCBuildConfiguration section */

/* Begin XCConfigurationList section */
		BC5806FC2A56395400313289 /* Build configuration list for PBXProject "Molecules" */ = {
			isa = XCConfigurationList;
			buildConfigurations = (
				BC5807232A56395900313289 /* Debug */,
				BC5807242A56395900313289 /* Release */,
			);
			defaultConfigurationIsVisible = 0;
			defaultConfigurationName = Release;
		};
		BC5807252A56395900313289 /* Build configuration list for PBXNativeTarget "Molecules" */ = {
			isa = XCConfigurationList;
			buildConfigurations = (
				BC5807262A56395900313289 /* Debug */,
				BC5807272A56395900313289 /* Release */,
			);
			defaultConfigurationIsVisible = 0;
			defaultConfigurationName = Release;
		};
		BC5807282A56395900313289 /* Build configuration list for PBXNativeTarget "MoleculesTests" */ = {
			isa = XCConfigurationList;
			buildConfigurations = (
				BC5807292A56395900313289 /* Debug */,
				BC58072A2A56395900313289 /* Release */,
			);
			defaultConfigurationIsVisible = 0;
			defaultConfigurationName = Release;
		};
		BC58072B2A56395900313289 /* Build configuration list for PBXNativeTarget "MoleculesUITests" */ = {
			isa = XCConfigurationList;
			buildConfigurations = (
				BC58072C2A56395900313289 /* Debug */,
				BC58072D2A56395900313289 /* Release */,
			);
			defaultConfigurationIsVisible = 0;
			defaultConfigurationName = Release;
		};
/* End XCConfigurationList section */

/* Begin XCRemoteSwiftPackageReference section */
		BC5F1F6F2A579BB000416000 /* XCRemoteSwiftPackageReference "GzipSwift" */ = {
			isa = XCRemoteSwiftPackageReference;
			repositoryURL = "https://github.com/1024jp/GzipSwift";
			requirement = {
				kind = upToNextMajorVersion;
				minimumVersion = 6.0.0;
			};
		};
/* End XCRemoteSwiftPackageReference section */

/* Begin XCSwiftPackageProductDependency section */
		BC5F1F702A579BB000416000 /* Gzip */ = {
			isa = XCSwiftPackageProductDependency;
			package = BC5F1F6F2A579BB000416000 /* XCRemoteSwiftPackageReference "GzipSwift" */;
			productName = Gzip;
		};
/* End XCSwiftPackageProductDependency section */
	};
	rootObject = BC5806F92A56395400313289 /* Project object */;
}
